
Microsoft Visual Studio Solution File, Format Version 12.00
# Visual Studio Express 2012 for Windows Desktop
Project("{F184B08F-C81C-45F6-A57F-5ABD9991F28F}") = "3ds AR games unlocker", "3ds AR games unlocker\3ds AR games unlocker.vbproj", "{E7E16D26-D212-49E4-AE5D-12FE7860D1CA}"
EndProject
Global
	GlobalSection(SolutionConfigurationPlatforms) = preSolution
		Debug|Any CPU = Debug|Any CPU
		Release|Any CPU = Release|Any CPU
	EndGlobalSection
	GlobalSection(ProjectConfigurationPlatforms) = postSolution
		{E7E16D26-D212-49E4-AE5D-12FE7860D1CA}.Debug|Any CPU.ActiveCfg = Debug|Any CPU
		{E7E16D26-D212-49E4-AE5D-12FE7860D1CA}.Debug|Any CPU.Build.0 = Debug|Any CPU
		{E7E16D26-D212-49E4-AE5D-12FE7860D1CA}.Release|Any CPU.ActiveCfg = Release|Any CPU
		{E7E16D26-D212-49E4-AE5D-12FE7860D1CA}.Release|Any CPU.Build.0 = Release|Any CPU
	EndGlobalSection
	GlobalSection(SolutionProperties) = preSolution
		HideSolutionNode = FALSE
	EndGlobalSection
EndGlobal
